
Microsoft Visual Studio Solution File, Format Version 12.00
# Visual Studio Version 16
VisualStudioVersion = 16.0.31112.23
MinimumVisualStudioVersion = 10.0.40219.1
Project("{FAE04EC0-301F-11D3-BF4B-00C04F79EFBC}") = "Linq", "Linq\Linq.csproj", "{E03668C7-087E-41C9-AC8A-007BE25502A6}"
EndProject
Global
	GlobalSection(SolutionConfigurationPlatforms) = preSolution
		Debug|Any CPU = Debug|Any CPU
		Release|Any CPU = Release|Any CPU
	EndGlobalSection
	GlobalSection(ProjectConfigurationPlatforms) = postSolution
		{E03668C7-087E-41C9-AC8A-007BE25502A6}.Debug|Any CPU.ActiveCfg = Debug|Any CPU
		{E03668C7-087E-41C9-AC8A-007BE25502A6}.Debug|Any CPU.Build.0 = Debug|Any CPU
		{E03668C7-087E-41C9-AC8A-007BE25502A6}.Release|Any CPU.ActiveCfg = Release|Any CPU
		{E03668C7-087E-41C9-AC8A-007BE25502A6}.Release|Any CPU.Build.0 = Release|Any CPU
	EndGlobalSection
	GlobalSection(SolutionProperties) = preSolution
		HideSolutionNode = FALSE
	EndGlobalSection
	GlobalSection(ExtensibilityGlobals) = postSolution
		SolutionGuid = {072B4756-70ED-4F0E-A95D-4EFF13B34035}
	EndGlobalSection
EndGlobal
